
Microsoft Visual Studio Solution File, Format Version 12.00
# Visual Studio Version 16
VisualStudioVersion = 16.0.30128.74
MinimumVisualStudioVersion = 10.0.40219.1
Project("{FAE04EC0-301F-11D3-BF4B-00C04F79EFBC}") = "ImageClassificationProgram", "ImageClassificationProgram.csproj", "{4DFD9EA8-7EC9-4D01-89F2-EE00C431005E}"
EndProject
Global
	GlobalSection(SolutionConfigurationPlatforms) = preSolution
		Debug|Any CPU = Debug|Any CPU
		Release|Any CPU = Release|Any CPU
	EndGlobalSection
	GlobalSection(ProjectConfigurationPlatforms) = postSolution
		{4DFD9EA8-7EC9-4D01-89F2-EE00C431005E}.Debug|Any CPU.ActiveCfg = Debug|Any CPU
		{4DFD9EA8-7EC9-4D01-89F2-EE00C431005E}.Debug|Any CPU.Build.0 = Debug|Any CPU
		{4DFD9EA8-7EC9-4D01-89F2-EE00C431005E}.Release|Any CPU.ActiveCfg = Release|Any CPU
		{4DFD9EA8-7EC9-4D01-89F2-EE00C431005E}.Release|Any CPU.Build.0 = Release|Any CPU
	EndGlobalSection
	GlobalSection(SolutionProperties) = preSolution
		HideSolutionNode = FALSE
	EndGlobalSection
	GlobalSection(ExtensibilityGlobals) = postSolution
		SolutionGuid = {3384E2B6-663B-431D-B56A-D17B7B7118A9}
	EndGlobalSection
EndGlobal
