
Microsoft Visual Studio Solution File, Format Version 12.00
# Visual Studio Version 16
VisualStudioVersion = 16.0.30128.74
MinimumVisualStudioVersion = 10.0.40219.1
Project("{FAE04EC0-301F-11D3-BF4B-00C04F79EFBC}") = "HelloMachineLearning", "HelloMachineLearning.csproj", "{1FC364BB-2CB3-4C3A-8174-A1B2CF051D44}"
EndProject
Project("{9A19103F-16F7-4668-BE54-9A1E7A4F7556}") = "HelloMachineLearningML.Model", "..\HelloMachineLearningML.Model\HelloMachineLearningML.Model.csproj", "{6120A1C1-ABD6-4662-8402-B42A9B02096A}"
EndProject
Project("{9A19103F-16F7-4668-BE54-9A1E7A4F7556}") = "HelloMachineLearningML.ConsoleApp", "..\HelloMachineLearningML.ConsoleApp\HelloMachineLearningML.ConsoleApp.csproj", "{19379206-9C3F-480C-B6D8-8A0A435C5F6C}"
EndProject
Global
	GlobalSection(SolutionConfigurationPlatforms) = preSolution
		Debug|Any CPU = Debug|Any CPU
		Release|Any CPU = Release|Any CPU
	EndGlobalSection
	GlobalSection(ProjectConfigurationPlatforms) = postSolution
		{1FC364BB-2CB3-4C3A-8174-A1B2CF051D44}.Debug|Any CPU.ActiveCfg = Debug|Any CPU
		{1FC364BB-2CB3-4C3A-8174-A1B2CF051D44}.Debug|Any CPU.Build.0 = Debug|Any CPU
		{1FC364BB-2CB3-4C3A-8174-A1B2CF051D44}.Release|Any CPU.ActiveCfg = Release|Any CPU
		{1FC364BB-2CB3-4C3A-8174-A1B2CF051D44}.Release|Any CPU.Build.0 = Release|Any CPU
		{6120A1C1-ABD6-4662-8402-B42A9B02096A}.Debug|Any CPU.ActiveCfg = Debug|Any CPU
		{6120A1C1-ABD6-4662-8402-B42A9B02096A}.Debug|Any CPU.Build.0 = Debug|Any CPU
		{6120A1C1-ABD6-4662-8402-B42A9B02096A}.Release|Any CPU.ActiveCfg = Release|Any CPU
		{6120A1C1-ABD6-4662-8402-B42A9B02096A}.Release|Any CPU.Build.0 = Release|Any CPU
		{19379206-9C3F-480C-B6D8-8A0A435C5F6C}.Debug|Any CPU.ActiveCfg = Debug|Any CPU
		{19379206-9C3F-480C-B6D8-8A0A435C5F6C}.Debug|Any CPU.Build.0 = Debug|Any CPU
		{19379206-9C3F-480C-B6D8-8A0A435C5F6C}.Release|Any CPU.ActiveCfg = Release|Any CPU
		{19379206-9C3F-480C-B6D8-8A0A435C5F6C}.Release|Any CPU.Build.0 = Release|Any CPU
	EndGlobalSection
	GlobalSection(SolutionProperties) = preSolution
		HideSolutionNode = FALSE
	EndGlobalSection
	GlobalSection(ExtensibilityGlobals) = postSolution
		SolutionGuid = {4006ACD1-9C14-4041-ABAD-D1EE59BC8979}
	EndGlobalSection
EndGlobal
